
Microsoft Visual Studio Solution File, Format Version 12.00
# Visual Studio Version 17
VisualStudioVersion = 17.9.34723.18
MinimumVisualStudioVersion = 10.0.40219.1
Project("{FAE04EC0-301F-11D3-BF4B-00C04F79EFBC}") = "Portfolio", "Portfolio.csproj", "{9A56BD72-D8A8-4255-822F-5E42F9EDF761}"
EndProject
Global
	GlobalSection(SolutionConfigurationPlatforms) = preSolution
		Debug|Any CPU = Debug|Any CPU
		Release|Any CPU = Release|Any CPU
	EndGlobalSection
	GlobalSection(ProjectConfigurationPlatforms) = postSolution
		{9A56BD72-D8A8-4255-822F-5E42F9EDF761}.Debug|Any CPU.ActiveCfg = Debug|Any CPU
		{9A56BD72-D8A8-4255-822F-5E42F9EDF761}.Debug|Any CPU.Build.0 = Debug|Any CPU
		{9A56BD72-D8A8-4255-822F-5E42F9EDF761}.Release|Any CPU.ActiveCfg = Release|Any CPU
		{9A56BD72-D8A8-4255-822F-5E42F9EDF761}.Release|Any CPU.Build.0 = Release|Any CPU
	EndGlobalSection
	GlobalSection(SolutionProperties) = preSolution
		HideSolutionNode = FALSE
	EndGlobalSection
	GlobalSection(ExtensibilityGlobals) = postSolution
		SolutionGuid = {4507BA6F-4EDE-48C5-8E42-56FAE57BBC43}
	EndGlobalSection
EndGlobal
